// !$*UTF8*$!
{
	archiveVersion = 1;
	classes = {
	};
	objectVersion = 52;
	objects = {

/* Begin PBXBuildFile section */
		2B8910CF2739AF1A008E52F2 /* common in Frameworks */ = {isa = PBXBuildFile; productRef = 2B8910CE2739AF1A008E52F2 /* common */; };
		B65E7E982316E7DD00D15138 /* MainPresenter.swift in Sources */ = {isa = PBXBuildFile; fileRef = B65E7E972316E7DD00D15138 /* MainPresenter.swift */; };
		B65E7E9C2316E86A00D15138 /* MainViewController.swift in Sources */ = {isa = PBXBuildFile; fileRef = B65E7E9B2316E86A00D15138 /* MainViewController.swift */; };
		DEE1E14822D680E2002F3437 /* AppDelegate.swift in Sources */ = {isa = PBXBuildFile; fileRef = DEE1E14722D680E2002F3437 /* AppDelegate.swift */; };
		DEE1E14D22D680E2002F3437 /* Main.storyboard in Resources */ = {isa = PBXBuildFile; fileRef = DEE1E14B22D680E2002F3437 /* Main.storyboard */; };
		DEE1E14F22D68117002F3437 /* Assets.xcassets in Resources */ = {isa = PBXBuildFile; fileRef = DEE1E14E22D68117002F3437 /* Assets.xcassets */; };
		DEE1E15222D68117002F3437 /* LaunchScreen.storyboard in Resources */ = {isa = PBXBuildFile; fileRef = DEE1E15022D68117002F3437 /* LaunchScreen.storyboard */; };
		DEE1E15D22D6811B002F3437 /* KotlinIOSTests.swift in Sources */ = {isa = PBXBuildFile; fileRef = DEE1E15C22D6811B002F3437 /* KotlinIOSTests.swift */; };
		DEE1E16822D6811B002F3437 /* KotlinIOSUITests.swift in Sources */ = {isa = PBXBuildFile; fileRef = DEE1E16722D6811B002F3437 /* KotlinIOSUITests.swift */; };
/* End PBXBuildFile section */

/* Begin PBXContainerItemProxy section */
		DEE1E15922D6811B002F3437 /* PBXContainerItemProxy */ = {
			isa = PBXContainerItemProxy;
			containerPortal = DEE1E13C22D680E1002F3437 /* Project object */;
			proxyType = 1;
			remoteGlobalIDString = DEE1E14322D680E1002F3437;
			remoteInfo = KotlinIOS;
		};
		DEE1E16422D6811B002F3437 /* PBXContainerItemProxy */ = {
			isa = PBXContainerItemProxy;
			containerPortal = DEE1E13C22D680E1002F3437 /* Project object */;
			proxyType = 1;
			remoteGlobalIDString = DEE1E14322D680E1002F3437;
			remoteInfo = KotlinIOS;
		};
/* End PBXContainerItemProxy section */

/* Begin PBXFileReference section */
		2BE98CFF2739AEB600D09FFB /* swiftpackage */ = {isa = PBXFileReference; lastKnownFileType = folder; name = swiftpackage; path = ../../common/swiftpackage; sourceTree = "<group>"; };
		B65E7E972316E7DD00D15138 /* MainPresenter.swift */ = {isa = PBXFileReference; lastKnownFileType = sourcecode.swift; path = MainPresenter.swift; sourceTree = "<group>"; };
		B65E7E9B2316E86A00D15138 /* MainViewController.swift */ = {isa = PBXFileReference; fileEncoding = 4; lastKnownFileType = sourcecode.swift; path = MainViewController.swift; sourceTree = "<group>"; };
		DEE1E14422D680E2002F3437 /* KotlinIOS.app */ = {isa = PBXFileReference; explicitFileType = wrapper.application; includeInIndex = 0; path = KotlinIOS.app; sourceTree = BUILT_PRODUCTS_DIR; };
		DEE1E14722D680E2002F3437 /* AppDelegate.swift */ = {isa = PBXFileReference; lastKnownFileType = sourcecode.swift; path = AppDelegate.swift; sourceTree = "<group>"; };
		DEE1E14C22D680E2002F3437 /* Base */ = {isa = PBXFileReference; lastKnownFileType = file.storyboard; name = Base; path = Base.lproj/Main.storyboard; sourceTree = "<group>"; };
		DEE1E14E22D68117002F3437 /* Assets.xcassets */ = {isa = PBXFileReference; lastKnownFileType = folder.assetcatalog; path = Assets.xcassets; sourceTree = "<group>"; };
		DEE1E15122D68117002F3437 /* Base */ = {isa = PBXFileReference; lastKnownFileType = file.storyboard; name = Base; path = Base.lproj/LaunchScreen.storyboard; sourceTree = "<group>"; };
		DEE1E15322D68117002F3437 /* Info.plist */ = {isa = PBXFileReference; lastKnownFileType = text.plist.xml; path = Info.plist; sourceTree = "<group>"; };
		DEE1E15822D6811B002F3437 /* KotlinIOSTests.xctest */ = {isa = PBXFileReference; explicitFileType = wrapper.cfbundle; includeInIndex = 0; path = KotlinIOSTests.xctest; sourceTree = BUILT_PRODUCTS_DIR; };
		DEE1E15C22D6811B002F3437 /* KotlinIOSTests.swift */ = {isa = PBXFileReference; lastKnownFileType = sourcecode.swift; path = KotlinIOSTests.swift; sourceTree = "<group>"; };
		DEE1E15E22D6811B002F3437 /* Info.plist */ = {isa = PBXFileReference; lastKnownFileType = text.plist.xml; path = Info.plist; sourceTree = "<group>"; };
		DEE1E16322D6811B002F3437 /* KotlinIOSUITests.xctest */ = {isa = PBXFileReference; explicitFileType = wrapper.cfbundle; includeInIndex = 0; path = KotlinIOSUITests.xctest; sourceTree = BUILT_PRODUCTS_DIR; };
		DEE1E16722D6811B002F3437 /* KotlinIOSUITests.swift */ = {isa = PBXFileReference; lastKnownFileType = sourcecode.swift; path = KotlinIOSUITests.swift; sourceTree = "<group>"; };
		DEE1E16922D6811B002F3437 /* Info.plist */ = {isa = PBXFileReference; lastKnownFileType = text.plist.xml; path = Info.plist; sourceTree = "<group>"; };
/* End PBXFileReference section */

/* Begin PBXFrameworksBuildPhase section */
		DEE1E14122D680E1002F3437 /* Frameworks */ = {
			isa = PBXFrameworksBuildPhase;
			buildActionMask = 2147483647;
			files = (
				2B8910CF2739AF1A008E52F2 /* common in Frameworks */,
			);
			runOnlyForDeploymentPostprocessing = 0;
		};
		DEE1E15522D6811B002F3437 /* Frameworks */ = {
			isa = PBXFrameworksBuildPhase;
			buildActionMask = 2147483647;
			files = (
			);
			runOnlyForDeploymentPostprocessing = 0;
		};
		DEE1E16022D6811B002F3437 /* Frameworks */ = {
			isa = PBXFrameworksBuildPhase;
			buildActionMask = 2147483647;
			files = (
			);
			runOnlyForDeploymentPostprocessing = 0;
		};
/* End PBXFrameworksBuildPhase section */

/* Begin PBXGroup section */
		2BB6CCF22739A9AA008E1DED /* Frameworks */ = {
			isa = PBXGroup;
			children = (
			);
			name = Frameworks;
			sourceTree = "<group>";
		};
		2BE98CFE2739AEB600D09FFB /* Packages */ = {
			isa = PBXGroup;
			children = (
				2BE98CFF2739AEB600D09FFB /* swiftpackage */,
			);
			name = Packages;
			sourceTree = "<group>";
		};
		B65E7E962316E7C700D15138 /* Main */ = {
			isa = PBXGroup;
			children = (
				B65E7E9B2316E86A00D15138 /* MainViewController.swift */,
				B65E7E972316E7DD00D15138 /* MainPresenter.swift */,
			);
			path = Main;
			sourceTree = "<group>";
		};
		DEE1E13B22D680E1002F3437 = {
			isa = PBXGroup;
			children = (
				2BE98CFE2739AEB600D09FFB /* Packages */,
				DEE1E14622D680E2002F3437 /* KotlinIOS */,
				DEE1E15B22D6811B002F3437 /* KotlinIOSTests */,
				DEE1E16622D6811B002F3437 /* KotlinIOSUITests */,
				DEE1E14522D680E2002F3437 /* Products */,
				2BB6CCF22739A9AA008E1DED /* Frameworks */,
			);
			sourceTree = "<group>";
		};
		DEE1E14522D680E2002F3437 /* Products */ = {
			isa = PBXGroup;
			children = (
				DEE1E14422D680E2002F3437 /* KotlinIOS.app */,
				DEE1E15822D6811B002F3437 /* KotlinIOSTests.xctest */,
				DEE1E16322D6811B002F3437 /* KotlinIOSUITests.xctest */,
			);
			name = Products;
			sourceTree = "<group>";
		};
		DEE1E14622D680E2002F3437 /* KotlinIOS */ = {
			isa = PBXGroup;
			children = (
				B65E7E962316E7C700D15138 /* Main */,
				DEE1E14722D680E2002F3437 /* AppDelegate.swift */,
				DEE1E14B22D680E2002F3437 /* Main.storyboard */,
				DEE1E14E22D68117002F3437 /* Assets.xcassets */,
				DEE1E15022D68117002F3437 /* LaunchScreen.storyboard */,
				DEE1E15322D68117002F3437 /* Info.plist */,
			);
			path = KotlinIOS;
			sourceTree = "<group>";
		};
		DEE1E15B22D6811B002F3437 /* KotlinIOSTests */ = {
			isa = PBXGroup;
			children = (
				DEE1E15C22D6811B002F3437 /* KotlinIOSTests.swift */,
				DEE1E15E22D6811B002F3437 /* Info.plist */,
			);
			path = KotlinIOSTests;
			sourceTree = "<group>";
		};
		DEE1E16622D6811B002F3437 /* KotlinIOSUITests */ = {
			isa = PBXGroup;
			children = (
				DEE1E16722D6811B002F3437 /* KotlinIOSUITests.swift */,
				DEE1E16922D6811B002F3437 /* Info.plist */,
			);
			path = KotlinIOSUITests;
			sourceTree = "<group>";
		};
/* End PBXGroup section */

/* Begin PBXLegacyTarget section */
		2B8910D02739B029008E52F2 /* generate-spm */ = {
			isa = PBXLegacyTarget;
			buildArgumentsString = "$(PROJECT_DIR)/scripts/generate-spm.sh";
			buildConfigurationList = 2B8910D12739B029008E52F2 /* Build configuration list for PBXLegacyTarget "generate-spm" */;
			buildPhases = (
			);
			buildToolPath = /bin/bash;
			buildWorkingDirectory = "";
			dependencies = (
			);
			name = "generate-spm";
			packageProductDependencies = (
			);
			passBuildSettingsInEnvironment = 1;
			productName = "generate-spm";
		};
/* End PBXLegacyTarget section */

/* Begin PBXNativeTarget section */
		DEE1E14322D680E1002F3437 /* KotlinIOS */ = {
			isa = PBXNativeTarget;
			buildConfigurationList = DEE1E16C22D6811B002F3437 /* Build configuration list for PBXNativeTarget "KotlinIOS" */;
			buildPhases = (
				DEE1E14022D680E1002F3437 /* Sources */,
				DEE1E14122D680E1002F3437 /* Frameworks */,
				DEE1E14222D680E1002F3437 /* Resources */,
			);
			buildRules = (
			);
			dependencies = (
			);
			name = KotlinIOS;
			packageProductDependencies = (
				2B8910CE2739AF1A008E52F2 /* common */,
			);
			productName = KotlinIOS;
			productReference = DEE1E14422D680E2002F3437 /* KotlinIOS.app */;
			productType = "com.apple.product-type.application";
		};
		DEE1E15722D6811B002F3437 /* KotlinIOSTests */ = {
			isa = PBXNativeTarget;
			buildConfigurationList = DEE1E16F22D6811B002F3437 /* Build configuration list for PBXNativeTarget "KotlinIOSTests" */;
			buildPhases = (
				DEE1E15422D6811B002F3437 /* Sources */,
				DEE1E15522D6811B002F3437 /* Frameworks */,
				DEE1E15622D6811B002F3437 /* Resources */,
			);
			buildRules = (
			);
			dependencies = (
				DEE1E15A22D6811B002F3437 /* PBXTargetDependency */,
			);
			name = KotlinIOSTests;
			productName = KotlinIOSTests;
			productReference = DEE1E15822D6811B002F3437 /* KotlinIOSTests.xctest */;
			productType = "com.apple.product-type.bundle.unit-test";
		};
		DEE1E16222D6811B002F3437 /* KotlinIOSUITests */ = {
			isa = PBXNativeTarget;
			buildConfigurationList = DEE1E17222D6811B002F3437 /* Build configuration list for PBXNativeTarget "KotlinIOSUITests" */;
			buildPhases = (
				DEE1E15F22D6811B002F3437 /* Sources */,
				DEE1E16022D6811B002F3437 /* Frameworks */,
				DEE1E16122D6811B002F3437 /* Resources */,
			);
			buildRules = (
			);
			dependencies = (
				DEE1E16522D6811B002F3437 /* PBXTargetDependency */,
			);
			name = KotlinIOSUITests;
			productName = KotlinIOSUITests;
			productReference = DEE1E16322D6811B002F3437 /* KotlinIOSUITests.xctest */;
			productType = "com.apple.product-type.bundle.ui-testing";
		};
/* End PBXNativeTarget section */

/* Begin PBXProject section */
		DEE1E13C22D680E1002F3437 /* Project object */ = {
			isa = PBXProject;
			attributes = {
				LastSwiftUpdateCheck = 1020;
				LastUpgradeCheck = 1020;
				ORGANIZATIONNAME = "Daniele Campogiani";
				TargetAttributes = {
					2B8910D02739B029008E52F2 = {
						CreatedOnToolsVersion = 13.1;
					};
					DEE1E14322D680E1002F3437 = {
						CreatedOnToolsVersion = 10.2.1;
					};
					DEE1E15722D6811B002F3437 = {
						CreatedOnToolsVersion = 10.2.1;
						TestTargetID = DEE1E14322D680E1002F3437;
					};
					DEE1E16222D6811B002F3437 = {
						CreatedOnToolsVersion = 10.2.1;
						TestTargetID = DEE1E14322D680E1002F3437;
					};
				};
			};
			buildConfigurationList = DEE1E13F22D680E1002F3437 /* Build configuration list for PBXProject "KotlinIOS" */;
			compatibilityVersion = "Xcode 9.3";
			developmentRegion = en;
			hasScannedForEncodings = 0;
			knownRegions = (
				en,
				Base,
			);
			mainGroup = DEE1E13B22D680E1002F3437;
			packageReferences = (
			);
			productRefGroup = DEE1E14522D680E2002F3437 /* Products */;
			projectDirPath = "";
			projectRoot = "";
			targets = (
				2B8910D02739B029008E52F2 /* generate-spm */,
				DEE1E14322D680E1002F3437 /* KotlinIOS */,
				DEE1E15722D6811B002F3437 /* KotlinIOSTests */,
				DEE1E16222D6811B002F3437 /* KotlinIOSUITests */,
			);
		};
/* End PBXProject section */

/* Begin PBXResourcesBuildPhase section */
		DEE1E14222D680E1002F3437 /* Resources */ = {
			isa = PBXResourcesBuildPhase;
			buildActionMask = 2147483647;
			files = (
				DEE1E15222D68117002F3437 /* LaunchScreen.storyboard in Resources */,
				DEE1E14F22D68117002F3437 /* Assets.xcassets in Resources */,
				DEE1E14D22D680E2002F3437 /* Main.storyboard in Resources */,
			);
			runOnlyForDeploymentPostprocessing = 0;
		};
		DEE1E15622D6811B002F3437 /* Resources */ = {
			isa = PBXResourcesBuildPhase;
			buildActionMask = 2147483647;
			files = (
			);
			runOnlyForDeploymentPostprocessing = 0;
		};
		DEE1E16122D6811B002F3437 /* Resources */ = {
			isa = PBXResourcesBuildPhase;
			buildActionMask = 2147483647;
			files = (
			);
			runOnlyForDeploymentPostprocessing = 0;
		};
/* End PBXResourcesBuildPhase section */

/* Begin PBXSourcesBuildPhase section */
		DEE1E14022D680E1002F3437 /* Sources */ = {
			isa = PBXSourcesBuildPhase;
			buildActionMask = 2147483647;
			files = (
				B65E7E982316E7DD00D15138 /* MainPresenter.swift in Sources */,
				DEE1E14822D680E2002F3437 /* AppDelegate.swift in Sources */,
				B65E7E9C2316E86A00D15138 /* MainViewController.swift in Sources */,
			);
			runOnlyForDeploymentPostprocessing = 0;
		};
		DEE1E15422D6811B002F3437 /* Sources */ = {
			isa = PBXSourcesBuildPhase;
			buildActionMask = 2147483647;
			files = (
				DEE1E15D22D6811B002F3437 /* KotlinIOSTests.swift in Sources */,
			);
			runOnlyForDeploymentPostprocessing = 0;
		};
		DEE1E15F22D6811B002F3437 /* Sources */ = {
			isa = PBXSourcesBuildPhase;
			buildActionMask = 2147483647;
			files = (
				DEE1E16822D6811B002F3437 /* KotlinIOSUITests.swift in Sources */,
			);
			runOnlyForDeploymentPostprocessing = 0;
		};
/* End PBXSourcesBuildPhase section */

/* Begin PBXTargetDependency section */
		DEE1E15A22D6811B002F3437 /* PBXTargetDependency */ = {
			isa = PBXTargetDependency;
			target = DEE1E14322D680E1002F3437 /* KotlinIOS */;
			targetProxy = DEE1E15922D6811B002F3437 /* PBXContainerItemProxy */;
		};
		DEE1E16522D6811B002F3437 /* PBXTargetDependency */ = {
			isa = PBXTargetDependency;
			target = DEE1E14322D680E1002F3437 /* KotlinIOS */;
			targetProxy = DEE1E16422D6811B002F3437 /* PBXContainerItemProxy */;
		};
/* End PBXTargetDependency section */

/* Begin PBXVariantGroup section */
		DEE1E14B22D680E2002F3437 /* Main.storyboard */ = {
			isa = PBXVariantGroup;
			children = (
				DEE1E14C22D680E2002F3437 /* Base */,
			);
			name = Main.storyboard;
			sourceTree = "<group>";
		};
		DEE1E15022D68117002F3437 /* LaunchScreen.storyboard */ = {
			isa = PBXVariantGroup;
			children = (
				DEE1E15122D68117002F3437 /* Base */,
			);
			name = LaunchScreen.storyboard;
			sourceTree = "<group>";
		};
/* End PBXVariantGroup section */

/* Begin XCBuildConfiguration section */
		2B8910D22739B029008E52F2 /* Debug */ = {
			isa = XCBuildConfiguration;
			buildSettings = {
				CLANG_CXX_LANGUAGE_STANDARD = "gnu++17";
				CLANG_WARN_QUOTED_INCLUDE_IN_FRAMEWORK_HEADER = YES;
				CODE_SIGN_STYLE = Automatic;
				DEBUGGING_SYMBOLS = YES;
				DEBUG_INFORMATION_FORMAT = dwarf;
				GCC_GENERATE_DEBUGGING_SYMBOLS = YES;
				GCC_OPTIMIZATION_LEVEL = 0;
				OTHER_CFLAGS = "";
				OTHER_LDFLAGS = "";
				PRODUCT_NAME = "$(TARGET_NAME)";
			};
			name = Debug;
		};
		2B8910D32739B029008E52F2 /* Release */ = {
			isa = XCBuildConfiguration;
			buildSettings = {
				CLANG_CXX_LANGUAGE_STANDARD = "gnu++17";
				CLANG_WARN_QUOTED_INCLUDE_IN_FRAMEWORK_HEADER = YES;
				CODE_SIGN_STYLE = Automatic;
				DEBUG_INFORMATION_FORMAT = "dwarf-with-dsym";
				OTHER_CFLAGS = "";
				OTHER_LDFLAGS = "";
				PRODUCT_NAME = "$(TARGET_NAME)";
			};
			name = Release;
		};
		DEE1E16A22D6811B002F3437 /* Debug */ = {
			isa = XCBuildConfiguration;
			buildSettings = {
				ALWAYS_SEARCH_USER_PATHS = NO;
				CLANG_ANALYZER_NONNULL = YES;
				CLANG_ANALYZER_NUMBER_OBJECT_CONVERSION = YES_AGGRESSIVE;
				CLANG_CXX_LANGUAGE_STANDARD = "gnu++14";
				CLANG_CXX_LIBRARY = "libc++";
				CLANG_ENABLE_MODULES = YES;
				CLANG_ENABLE_OBJC_ARC = YES;
				CLANG_ENABLE_OBJC_WEAK = YES;
				CLANG_WARN_BLOCK_CAPTURE_AUTORELEASING = YES;
				CLANG_WARN_BOOL_CONVERSION = YES;
				CLANG_WARN_COMMA = YES;
				CLANG_WARN_CONSTANT_CONVERSION = YES;
				CLANG_WARN_DEPRECATED_OBJC_IMPLEMENTATIONS = YES;
				CLANG_WARN_DIRECT_OBJC_ISA_USAGE = YES_ERROR;
				CLANG_WARN_DOCUMENTATION_COMMENTS = YES;
				CLANG_WARN_EMPTY_BODY = YES;
				CLANG_WARN_ENUM_CONVERSION = YES;
				CLANG_WARN_INFINITE_RECURSION = YES;
				CLANG_WARN_INT_CONVERSION = YES;
				CLANG_WARN_NON_LITERAL_NULL_CONVERSION = YES;
				CLANG_WARN_OBJC_IMPLICIT_RETAIN_SELF = YES;
				CLANG_WARN_OBJC_LITERAL_CONVERSION = YES;
				CLANG_WARN_OBJC_ROOT_CLASS = YES_ERROR;
				CLANG_WARN_RANGE_LOOP_ANALYSIS = YES;
				CLANG_WARN_STRICT_PROTOTYPES = YES;
				CLANG_WARN_SUSPICIOUS_MOVE = YES;
				CLANG_WARN_UNGUARDED_AVAILABILITY = YES_AGGRESSIVE;
				CLANG_WARN_UNREACHABLE_CODE = YES;
				CLANG_WARN__DUPLICATE_METHOD_MATCH = YES;
				CODE_SIGN_IDENTITY = "iPhone Developer";
				COPY_PHASE_STRIP = NO;
				DEBUG_INFORMATION_FORMAT = dwarf;
				ENABLE_STRICT_OBJC_MSGSEND = YES;
				ENABLE_TESTABILITY = YES;
				GCC_C_LANGUAGE_STANDARD = gnu11;
				GCC_DYNAMIC_NO_PIC = NO;
				GCC_NO_COMMON_BLOCKS = YES;
				GCC_OPTIMIZATION_LEVEL = 0;
				GCC_PREPROCESSOR_DEFINITIONS = (
					"DEBUG=1",
					"$(inherited)",
				);
				GCC_WARN_64_TO_32_BIT_CONVERSION = YES;
				GCC_WARN_ABOUT_RETURN_TYPE = YES_ERROR;
				GCC_WARN_UNDECLARED_SELECTOR = YES;
				GCC_WARN_UNINITIALIZED_AUTOS = YES_AGGRESSIVE;
				GCC_WARN_UNUSED_FUNCTION = YES;
				GCC_WARN_UNUSED_VARIABLE = YES;
				IPHONEOS_DEPLOYMENT_TARGET = 15.0;
				MTL_ENABLE_DEBUG_INFO = INCLUDE_SOURCE;
				MTL_FAST_MATH = YES;
				ONLY_ACTIVE_ARCH = YES;
				SDKROOT = iphoneos;
				SWIFT_ACTIVE_COMPILATION_CONDITIONS = DEBUG;
				SWIFT_OPTIMIZATION_LEVEL = "-Onone";
			};
			name = Debug;
		};
		DEE1E16B22D6811B002F3437 /* Release */ = {
			isa = XCBuildConfiguration;
			buildSettings = {
				ALWAYS_SEARCH_USER_PATHS = NO;
				CLANG_ANALYZER_NONNULL = YES;
				CLANG_ANALYZER_NUMBER_OBJECT_CONVERSION = YES_AGGRESSIVE;
				CLANG_CXX_LANGUAGE_STANDARD = "gnu++14";
				CLANG_CXX_LIBRARY = "libc++";
				CLANG_ENABLE_MODULES = YES;
				CLANG_ENABLE_OBJC_ARC = YES;
				CLANG_ENABLE_OBJC_WEAK = YES;
				CLANG_WARN_BLOCK_CAPTURE_AUTORELEASING = YES;
				CLANG_WARN_BOOL_CONVERSION = YES;
				CLANG_WARN_COMMA = YES;
				CLANG_WARN_CONSTANT_CONVERSION = YES;
				CLANG_WARN_DEPRECATED_OBJC_IMPLEMENTATIONS = YES;
				CLANG_WARN_DIRECT_OBJC_ISA_USAGE = YES_ERROR;
				CLANG_WARN_DOCUMENTATION_COMMENTS = YES;
				CLANG_WARN_EMPTY_BODY = YES;
				CLANG_WARN_ENUM_CONVERSION = YES;
				CLANG_WARN_INFINITE_RECURSION = YES;
				CLANG_WARN_INT_CONVERSION = YES;
				CLANG_WARN_NON_LITERAL_NULL_CONVERSION = YES;
				CLANG_WARN_OBJC_IMPLICIT_RETAIN_SELF = YES;
				CLANG_WARN_OBJC_LITERAL_CONVERSION = YES;
				CLANG_WARN_OBJC_ROOT_CLASS = YES_ERROR;
				CLANG_WARN_RANGE_LOOP_ANALYSIS = YES;
				CLANG_WARN_STRICT_PROTOTYPES = YES;
				CLANG_WARN_SUSPICIOUS_MOVE = YES;
				CLANG_WARN_UNGUARDED_AVAILABILITY = YES_AGGRESSIVE;
				CLANG_WARN_UNREACHABLE_CODE = YES;
				CLANG_WARN__DUPLICATE_METHOD_MATCH = YES;
				CODE_SIGN_IDENTITY = "iPhone Developer";
				COPY_PHASE_STRIP = NO;
				DEBUG_INFORMATION_FORMAT = "dwarf-with-dsym";
				ENABLE_NS_ASSERTIONS = NO;
				ENABLE_STRICT_OBJC_MSGSEND = YES;
				GCC_C_LANGUAGE_STANDARD = gnu11;
				GCC_NO_COMMON_BLOCKS = YES;
				GCC_WARN_64_TO_32_BIT_CONVERSION = YES;
				GCC_WARN_ABOUT_RETURN_TYPE = YES_ERROR;
				GCC_WARN_UNDECLARED_SELECTOR = YES;
				GCC_WARN_UNINITIALIZED_AUTOS = YES_AGGRESSIVE;
				GCC_WARN_UNUSED_FUNCTION = YES;
				GCC_WARN_UNUSED_VARIABLE = YES;
				IPHONEOS_DEPLOYMENT_TARGET = 15.0;
				MTL_ENABLE_DEBUG_INFO = NO;
				MTL_FAST_MATH = YES;
				SDKROOT = iphoneos;
				SWIFT_COMPILATION_MODE = wholemodule;
				SWIFT_OPTIMIZATION_LEVEL = "-O";
				VALIDATE_PRODUCT = YES;
			};
			name = Release;
		};
		DEE1E16D22D6811B002F3437 /* Debug */ = {
			isa = XCBuildConfiguration;
			buildSettings = {
				ASSETCATALOG_COMPILER_APPICON_NAME = AppIcon;
				CODE_SIGN_STYLE = Automatic;
				INFOPLIST_FILE = KotlinIOS/Info.plist;
				IPHONEOS_DEPLOYMENT_TARGET = 15.0;
				LD_RUNPATH_SEARCH_PATHS = (
					"$(inherited)",
					"@executable_path/Frameworks",
				);
				OTHER_LDFLAGS = (
					"$(inherited)",
					"-framework",
					common,
				);
				PRODUCT_BUNDLE_IDENTIFIER = com.danielecampogiani.KotlinIOS;
				PRODUCT_NAME = "$(TARGET_NAME)";
				SWIFT_VERSION = 5.0;
				TARGETED_DEVICE_FAMILY = "1,2";
			};
			name = Debug;
		};
		DEE1E16E22D6811B002F3437 /* Release */ = {
			isa = XCBuildConfiguration;
			buildSettings = {
				ASSETCATALOG_COMPILER_APPICON_NAME = AppIcon;
				CODE_SIGN_STYLE = Automatic;
				INFOPLIST_FILE = KotlinIOS/Info.plist;
				IPHONEOS_DEPLOYMENT_TARGET = 15.0;
				LD_RUNPATH_SEARCH_PATHS = (
					"$(inherited)",
					"@executable_path/Frameworks",
				);
				OTHER_LDFLAGS = (
					"$(inherited)",
					"-framework",
					common,
				);
				PRODUCT_BUNDLE_IDENTIFIER = com.danielecampogiani.KotlinIOS;
				PRODUCT_NAME = "$(TARGET_NAME)";
				SWIFT_VERSION = 5.0;
				TARGETED_DEVICE_FAMILY = "1,2";
			};
			name = Release;
		};
		DEE1E17022D6811B002F3437 /* Debug */ = {
			isa = XCBuildConfiguration;
			buildSettings = {
				ALWAYS_EMBED_SWIFT_STANDARD_LIBRARIES = YES;
				BUNDLE_LOADER = "$(TEST_HOST)";
				CODE_SIGN_STYLE = Automatic;
				INFOPLIST_FILE = KotlinIOSTests/Info.plist;
				LD_RUNPATH_SEARCH_PATHS = (
					"$(inherited)",
					"@executable_path/Frameworks",
					"@loader_path/Frameworks",
				);
				PRODUCT_BUNDLE_IDENTIFIER = com.danielecampogiani.KotlinIOSTests;
				PRODUCT_NAME = "$(TARGET_NAME)";
				SWIFT_VERSION = 5.0;
				TARGETED_DEVICE_FAMILY = "1,2";
				TEST_HOST = "$(BUILT_PRODUCTS_DIR)/KotlinIOS.app/KotlinIOS";
			};
			name = Debug;
		};
		DEE1E17122D6811B002F3437 /* Release */ = {
			isa = XCBuildConfiguration;
			buildSettings = {
				ALWAYS_EMBED_SWIFT_STANDARD_LIBRARIES = YES;
				BUNDLE_LOADER = "$(TEST_HOST)";
				CODE_SIGN_STYLE = Automatic;
				INFOPLIST_FILE = KotlinIOSTests/Info.plist;
				LD_RUNPATH_SEARCH_PATHS = (
					"$(inherited)",
					"@executable_path/Frameworks",
					"@loader_path/Frameworks",
				);
				PRODUCT_BUNDLE_IDENTIFIER = com.danielecampogiani.KotlinIOSTests;
				PRODUCT_NAME = "$(TARGET_NAME)";
				SWIFT_VERSION = 5.0;
				TARGETED_DEVICE_FAMILY = "1,2";
				TEST_HOST = "$(BUILT_PRODUCTS_DIR)/KotlinIOS.app/KotlinIOS";
			};
			name = Release;
		};
		DEE1E17322D6811B002F3437 /* Debug */ = {
			isa = XCBuildConfiguration;
			buildSettings = {
				ALWAYS_EMBED_SWIFT_STANDARD_LIBRARIES = YES;
				CODE_SIGN_STYLE = Automatic;
				INFOPLIST_FILE = KotlinIOSUITests/Info.plist;
				LD_RUNPATH_SEARCH_PATHS = (
					"$(inherited)",
					"@executable_path/Frameworks",
					"@loader_path/Frameworks",
				);
				PRODUCT_BUNDLE_IDENTIFIER = com.danielecampogiani.KotlinIOSUITests;
				PRODUCT_NAME = "$(TARGET_NAME)";
				SWIFT_VERSION = 5.0;
				TARGETED_DEVICE_FAMILY = "1,2";
				TEST_TARGET_NAME = KotlinIOS;
			};
			name = Debug;
		};
		DEE1E17422D6811B002F3437 /* Release */ = {
			isa = XCBuildConfiguration;
			buildSettings = {
				ALWAYS_EMBED_SWIFT_STANDARD_LIBRARIES = YES;
				CODE_SIGN_STYLE = Automatic;
				INFOPLIST_FILE = KotlinIOSUITests/Info.plist;
				LD_RUNPATH_SEARCH_PATHS = (
					"$(inherited)",
					"@executable_path/Frameworks",
					"@loader_path/Frameworks",
				);
				PRODUCT_BUNDLE_IDENTIFIER = com.danielecampogiani.KotlinIOSUITests;
				PRODUCT_NAME = "$(TARGET_NAME)";
				SWIFT_VERSION = 5.0;
				TARGETED_DEVICE_FAMILY = "1,2";
				TEST_TARGET_NAME = KotlinIOS;
			};
			name = Release;
		};
/* End XCBuildConfiguration section */

/* Begin XCConfigurationList section */
		2B8910D12739B029008E52F2 /* Build configuration list for PBXLegacyTarget "generate-spm" */ = {
			isa = XCConfigurationList;
			buildConfigurations = (
				2B8910D22739B029008E52F2 /* Debug */,
				2B8910D32739B029008E52F2 /* Release */,
			);
			defaultConfigurationIsVisible = 0;
			defaultConfigurationName = Release;
		};
		DEE1E13F22D680E1002F3437 /* Build configuration list for PBXProject "KotlinIOS" */ = {
			isa = XCConfigurationList;
			buildConfigurations = (
				DEE1E16A22D6811B002F3437 /* Debug */,
				DEE1E16B22D6811B002F3437 /* Release */,
			);
			defaultConfigurationIsVisible = 0;
			defaultConfigurationName = Release;
		};
		DEE1E16C22D6811B002F3437 /* Build configuration list for PBXNativeTarget "KotlinIOS" */ = {
			isa = XCConfigurationList;
			buildConfigurations = (
				DEE1E16D22D6811B002F3437 /* Debug */,
				DEE1E16E22D6811B002F3437 /* Release */,
			);
			defaultConfigurationIsVisible = 0;
			defaultConfigurationName = Release;
		};
		DEE1E16F22D6811B002F3437 /* Build configuration list for PBXNativeTarget "KotlinIOSTests" */ = {
			isa = XCConfigurationList;
			buildConfigurations = (
				DEE1E17022D6811B002F3437 /* Debug */,
				DEE1E17122D6811B002F3437 /* Release */,
			);
			defaultConfigurationIsVisible = 0;
			defaultConfigurationName = Release;
		};
		DEE1E17222D6811B002F3437 /* Build configuration list for PBXNativeTarget "KotlinIOSUITests" */ = {
			isa = XCConfigurationList;
			buildConfigurations = (
				DEE1E17322D6811B002F3437 /* Debug */,
				DEE1E17422D6811B002F3437 /* Release */,
			);
			defaultConfigurationIsVisible = 0;
			defaultConfigurationName = Release;
		};
/* End XCConfigurationList section */

/* Begin XCSwiftPackageProductDependency section */
		2B8910CE2739AF1A008E52F2 /* common */ = {
			isa = XCSwiftPackageProductDependency;
			productName = common;
		};
/* End XCSwiftPackageProductDependency section */
	};
	rootObject = DEE1E13C22D680E1002F3437 /* Project object */;
}
